
Microsoft Visual Studio Solution File, Format Version 12.00
# Visual Studio Version 17
VisualStudioVersion = 17.1.32421.90
MinimumVisualStudioVersion = 10.0.40219.1
Project("{8BC9CEB8-8B4A-11D0-8D11-00A0C91BC942}") = "SK-Lib-cstdlib-atol-Bagian4__CPP", "SK-Lib-cstdlib-atol-Bagian4__CPP\SK-Lib-cstdlib-atol-Bagian4__CPP.vcxproj", "{600740FB-044A-4A51-BFA6-C3CE3A4AC324}"
EndProject
Global
	GlobalSection(SolutionConfigurationPlatforms) = preSolution
		Debug|x64 = Debug|x64
		Debug|x86 = Debug|x86
		Release|x64 = Release|x64
		Release|x86 = Release|x86
	EndGlobalSection
	GlobalSection(ProjectConfigurationPlatforms) = postSolution
		{600740FB-044A-4A51-BFA6-C3CE3A4AC324}.Debug|x64.ActiveCfg = Debug|x64
		{600740FB-044A-4A51-BFA6-C3CE3A4AC324}.Debug|x64.Build.0 = Debug|x64
		{600740FB-044A-4A51-BFA6-C3CE3A4AC324}.Debug|x86.ActiveCfg = Debug|Win32
		{600740FB-044A-4A51-BFA6-C3CE3A4AC324}.Debug|x86.Build.0 = Debug|Win32
		{600740FB-044A-4A51-BFA6-C3CE3A4AC324}.Release|x64.ActiveCfg = Release|x64
		{600740FB-044A-4A51-BFA6-C3CE3A4AC324}.Release|x64.Build.0 = Release|x64
		{600740FB-044A-4A51-BFA6-C3CE3A4AC324}.Release|x86.ActiveCfg = Release|Win32
		{600740FB-044A-4A51-BFA6-C3CE3A4AC324}.Release|x86.Build.0 = Release|Win32
	EndGlobalSection
	GlobalSection(SolutionProperties) = preSolution
		HideSolutionNode = FALSE
	EndGlobalSection
	GlobalSection(ExtensibilityGlobals) = postSolution
		SolutionGuid = {E42C2440-5A17-4C2F-AAB9-E507131A86E8}
	EndGlobalSection
EndGlobal
